
Microsoft Visual Studio Solution File, Format Version 12.00
# Visual Studio Version 17
VisualStudioVersion = 17.7.34031.279
MinimumVisualStudioVersion = 10.0.40219.1
Project("{FAE04EC0-301F-11D3-BF4B-00C04F79EFBC}") = "apijuntoz", "apijuntoz.csproj", "{24608D12-B12D-4E30-9546-31391FBB2752}"
EndProject
Global
	GlobalSection(SolutionConfigurationPlatforms) = preSolution
		Debug|Any CPU = Debug|Any CPU
		Release|Any CPU = Release|Any CPU
	EndGlobalSection
	GlobalSection(ProjectConfigurationPlatforms) = postSolution
		{24608D12-B12D-4E30-9546-31391FBB2752}.Debug|Any CPU.ActiveCfg = Debug|Any CPU
		{24608D12-B12D-4E30-9546-31391FBB2752}.Debug|Any CPU.Build.0 = Debug|Any CPU
		{24608D12-B12D-4E30-9546-31391FBB2752}.Release|Any CPU.ActiveCfg = Release|Any CPU
		{24608D12-B12D-4E30-9546-31391FBB2752}.Release|Any CPU.Build.0 = Release|Any CPU
	EndGlobalSection
	GlobalSection(SolutionProperties) = preSolution
		HideSolutionNode = FALSE
	EndGlobalSection
	GlobalSection(ExtensibilityGlobals) = postSolution
		SolutionGuid = {7319CAA3-6189-41BB-B1AC-3D66F95711E5}
	EndGlobalSection
EndGlobal
